
Microsoft Visual Studio Solution File, Format Version 11.00
# Visual Studio 2010
Project("{FAE04EC0-301F-11D3-BF4B-00C04F79EFBC}") = "WFAutorizacionDeGiros", "WFAutorizacionDeGiros\WFAutorizacionDeGiros.csproj", "{5A480C0C-0682-45E8-ACC8-65450D33408E}"
EndProject
Global
	GlobalSection(TeamFoundationVersionControl) = preSolution
		SccNumberOfProjects = 2
		SccEnterpriseProvider = {4CA58AB2-18FA-4F8D-95D4-32DDF27D184C}
		SccTeamFoundationServer = http://192.168.200.151:8080/tfs/defaultcollection
		SccLocalPath0 = .
		SccProjectUniqueName1 = WFAutorizacionDeGiros\\WFAutorizacionDeGiros.csproj
		SccProjectName1 = WFAutorizacionDeGiros
		SccLocalPath1 = WFAutorizacionDeGiros
	EndGlobalSection
	GlobalSection(SolutionConfigurationPlatforms) = preSolution
		Debug|x86 = Debug|x86
		Release|x86 = Release|x86
	EndGlobalSection
	GlobalSection(ProjectConfigurationPlatforms) = postSolution
		{5A480C0C-0682-45E8-ACC8-65450D33408E}.Debug|x86.ActiveCfg = Debug|x86
		{5A480C0C-0682-45E8-ACC8-65450D33408E}.Debug|x86.Build.0 = Debug|x86
		{5A480C0C-0682-45E8-ACC8-65450D33408E}.Release|x86.ActiveCfg = Release|x86
		{5A480C0C-0682-45E8-ACC8-65450D33408E}.Release|x86.Build.0 = Release|x86
	EndGlobalSection
	GlobalSection(SolutionProperties) = preSolution
		HideSolutionNode = FALSE
	EndGlobalSection
EndGlobal
